
Microsoft Visual Studio Solution File, Format Version 12.00
# Visual Studio Version 17
VisualStudioVersion = 17.6.33829.357
MinimumVisualStudioVersion = 10.0.40219.1
Project("{FAE04EC0-301F-11D3-BF4B-00C04F79EFBC}") = "CSharp", "CSharp\CSharp.csproj", "{132C9809-C289-4691-ADD1-A1A7B4F173E8}"
EndProject
Global
	GlobalSection(SolutionConfigurationPlatforms) = preSolution
		Debug|Any CPU = Debug|Any CPU
		Release|Any CPU = Release|Any CPU
	EndGlobalSection
	GlobalSection(ProjectConfigurationPlatforms) = postSolution
		{132C9809-C289-4691-ADD1-A1A7B4F173E8}.Debug|Any CPU.ActiveCfg = Debug|Any CPU
		{132C9809-C289-4691-ADD1-A1A7B4F173E8}.Debug|Any CPU.Build.0 = Debug|Any CPU
		{132C9809-C289-4691-ADD1-A1A7B4F173E8}.Release|Any CPU.ActiveCfg = Release|Any CPU
		{132C9809-C289-4691-ADD1-A1A7B4F173E8}.Release|Any CPU.Build.0 = Release|Any CPU
	EndGlobalSection
	GlobalSection(SolutionProperties) = preSolution
		HideSolutionNode = FALSE
	EndGlobalSection
	GlobalSection(ExtensibilityGlobals) = postSolution
		SolutionGuid = {E77529C6-9F4F-4629-BD1F-2132B7E16F83}
	EndGlobalSection
EndGlobal
